
Microsoft Visual Studio Solution File, Format Version 12.00
# Visual Studio Version 17
VisualStudioVersion = 17.8.34330.188
MinimumVisualStudioVersion = 10.0.40219.1
Project("{9A19103F-16F7-4668-BE54-9A1E7A4F7556}") = "TestApi1", "TestApi1\TestApi1.csproj", "{3E24B53B-519C-49D6-B2B9-4429368F8E0D}"
EndProject
Project("{E53339B2-1760-4266-BCC7-CA923CBCF16C}") = "docker-compose", "docker-compose.dcproj", "{4D905292-7895-4542-B1E0-C9B6E8BD44C9}"
EndProject
Project("{FAE04EC0-301F-11D3-BF4B-00C04F79EFBC}") = "Option1", "..\Option1\Option1.csproj", "{BBB5BCF1-48BF-40F1-8953-689CB9A55D33}"
EndProject
Global
	GlobalSection(SolutionConfigurationPlatforms) = preSolution
		Debug|Any CPU = Debug|Any CPU
		Release|Any CPU = Release|Any CPU
	EndGlobalSection
	GlobalSection(ProjectConfigurationPlatforms) = postSolution
		{3E24B53B-519C-49D6-B2B9-4429368F8E0D}.Debug|Any CPU.ActiveCfg = Debug|Any CPU
		{3E24B53B-519C-49D6-B2B9-4429368F8E0D}.Debug|Any CPU.Build.0 = Debug|Any CPU
		{3E24B53B-519C-49D6-B2B9-4429368F8E0D}.Release|Any CPU.ActiveCfg = Release|Any CPU
		{3E24B53B-519C-49D6-B2B9-4429368F8E0D}.Release|Any CPU.Build.0 = Release|Any CPU
		{4D905292-7895-4542-B1E0-C9B6E8BD44C9}.Debug|Any CPU.ActiveCfg = Debug|Any CPU
		{4D905292-7895-4542-B1E0-C9B6E8BD44C9}.Debug|Any CPU.Build.0 = Debug|Any CPU
		{4D905292-7895-4542-B1E0-C9B6E8BD44C9}.Release|Any CPU.ActiveCfg = Release|Any CPU
		{4D905292-7895-4542-B1E0-C9B6E8BD44C9}.Release|Any CPU.Build.0 = Release|Any CPU
		{BBB5BCF1-48BF-40F1-8953-689CB9A55D33}.Debug|Any CPU.ActiveCfg = Debug|Any CPU
		{BBB5BCF1-48BF-40F1-8953-689CB9A55D33}.Debug|Any CPU.Build.0 = Debug|Any CPU
		{BBB5BCF1-48BF-40F1-8953-689CB9A55D33}.Release|Any CPU.ActiveCfg = Release|Any CPU
		{BBB5BCF1-48BF-40F1-8953-689CB9A55D33}.Release|Any CPU.Build.0 = Release|Any CPU
	EndGlobalSection
	GlobalSection(SolutionProperties) = preSolution
		HideSolutionNode = FALSE
	EndGlobalSection
	GlobalSection(ExtensibilityGlobals) = postSolution
		SolutionGuid = {B18F2805-AECB-4856-84CE-D9E7883D35BB}
	EndGlobalSection
EndGlobal
